
Microsoft Visual Studio Solution File, Format Version 12.00
# Visual Studio Version 16
VisualStudioVersion = 16.0.29001.49
MinimumVisualStudioVersion = 10.0.40219.1
Project("{FAE04EC0-301F-11D3-BF4B-00C04F79EFBC}") = "SignalRSampleApp", "SignalRSampleApp\SignalRSampleApp.csproj", "{86E3318D-DF55-4072-BFD4-4DA504273E85}"
EndProject
Global
	GlobalSection(SolutionConfigurationPlatforms) = preSolution
		Debug|Any CPU = Debug|Any CPU
		Release|Any CPU = Release|Any CPU
	EndGlobalSection
	GlobalSection(ProjectConfigurationPlatforms) = postSolution
		{86E3318D-DF55-4072-BFD4-4DA504273E85}.Debug|Any CPU.ActiveCfg = Debug|Any CPU
		{86E3318D-DF55-4072-BFD4-4DA504273E85}.Debug|Any CPU.Build.0 = Debug|Any CPU
		{86E3318D-DF55-4072-BFD4-4DA504273E85}.Release|Any CPU.ActiveCfg = Release|Any CPU
		{86E3318D-DF55-4072-BFD4-4DA504273E85}.Release|Any CPU.Build.0 = Release|Any CPU
	EndGlobalSection
	GlobalSection(SolutionProperties) = preSolution
		HideSolutionNode = FALSE
	EndGlobalSection
	GlobalSection(ExtensibilityGlobals) = postSolution
		SolutionGuid = {6A05234A-3514-4C09-9D25-EAED3E520791}
	EndGlobalSection
EndGlobal
